
Microsoft Visual Studio Solution File, Format Version 12.00
# TcXaeShell Solution File, Format Version 11.00
VisualStudioVersion = 17.7.34302.85
MinimumVisualStudioVersion = 10.0.40219.1
Project("{B1E792BE-AA5F-4E3C-8C82-674BF9C0715B}") = "plc", "plc\plc.tsproj", "{013D636C-5441-43CF-A930-1F442DEE2BFD}"
EndProject
Project("{DFBE7525-6864-4E62-8B2E-D530D69D9D96}") = "lib", "lib\lib.tspproj", "{7D1D264F-30E7-488E-9F58-6C8AA3C2E228}"
EndProject
Global
	GlobalSection(SolutionConfigurationPlatforms) = preSolution
		Debug|TwinCAT OS (ARMV7-A) = Debug|TwinCAT OS (ARMV7-A)
		Debug|TwinCAT OS (ARMV7-M) = Debug|TwinCAT OS (ARMV7-M)
		Debug|TwinCAT OS (ARMV8-A) = Debug|TwinCAT OS (ARMV8-A)
		Debug|TwinCAT OS (x64) = Debug|TwinCAT OS (x64)
		Debug|TwinCAT RT (x64) = Debug|TwinCAT RT (x64)
		Debug|TwinCAT RT (x86) = Debug|TwinCAT RT (x86)
		Release|TwinCAT OS (ARMV7-A) = Release|TwinCAT OS (ARMV7-A)
		Release|TwinCAT OS (ARMV7-M) = Release|TwinCAT OS (ARMV7-M)
		Release|TwinCAT OS (ARMV8-A) = Release|TwinCAT OS (ARMV8-A)
		Release|TwinCAT OS (x64) = Release|TwinCAT OS (x64)
		Release|TwinCAT RT (x64) = Release|TwinCAT RT (x64)
		Release|TwinCAT RT (x86) = Release|TwinCAT RT (x86)
	EndGlobalSection
	GlobalSection(ProjectConfigurationPlatforms) = postSolution
		{013D636C-5441-43CF-A930-1F442DEE2BFD}.Debug|TwinCAT OS (ARMV7-A).ActiveCfg = Debug|TwinCAT OS (ARMV7-A)
		{013D636C-5441-43CF-A930-1F442DEE2BFD}.Debug|TwinCAT OS (ARMV7-A).Build.0 = Debug|TwinCAT OS (ARMV7-A)
		{013D636C-5441-43CF-A930-1F442DEE2BFD}.Debug|TwinCAT OS (ARMV7-M).ActiveCfg = Debug|TwinCAT OS (ARMV7-M)
		{013D636C-5441-43CF-A930-1F442DEE2BFD}.Debug|TwinCAT OS (ARMV7-M).Build.0 = Debug|TwinCAT OS (ARMV7-M)
		{013D636C-5441-43CF-A930-1F442DEE2BFD}.Debug|TwinCAT OS (ARMV8-A).ActiveCfg = Debug|TwinCAT OS (ARMV8-A)
		{013D636C-5441-43CF-A930-1F442DEE2BFD}.Debug|TwinCAT OS (ARMV8-A).Build.0 = Debug|TwinCAT OS (ARMV8-A)
		{013D636C-5441-43CF-A930-1F442DEE2BFD}.Debug|TwinCAT OS (x64).ActiveCfg = Debug|TwinCAT OS (x64)
		{013D636C-5441-43CF-A930-1F442DEE2BFD}.Debug|TwinCAT OS (x64).Build.0 = Debug|TwinCAT OS (x64)
		{013D636C-5441-43CF-A930-1F442DEE2BFD}.Debug|TwinCAT RT (x64).ActiveCfg = Debug|TwinCAT RT (x64)
		{013D636C-5441-43CF-A930-1F442DEE2BFD}.Debug|TwinCAT RT (x64).Build.0 = Debug|TwinCAT RT (x64)
		{013D636C-5441-43CF-A930-1F442DEE2BFD}.Debug|TwinCAT RT (x86).ActiveCfg = Debug|TwinCAT RT (x86)
		{013D636C-5441-43CF-A930-1F442DEE2BFD}.Debug|TwinCAT RT (x86).Build.0 = Debug|TwinCAT RT (x86)
		{013D636C-5441-43CF-A930-1F442DEE2BFD}.Release|TwinCAT OS (ARMV7-A).ActiveCfg = Release|TwinCAT OS (ARMV7-A)
		{013D636C-5441-43CF-A930-1F442DEE2BFD}.Release|TwinCAT OS (ARMV7-A).Build.0 = Release|TwinCAT OS (ARMV7-A)
		{013D636C-5441-43CF-A930-1F442DEE2BFD}.Release|TwinCAT OS (ARMV7-M).ActiveCfg = Release|TwinCAT OS (ARMV7-M)
		{013D636C-5441-43CF-A930-1F442DEE2BFD}.Release|TwinCAT OS (ARMV7-M).Build.0 = Release|TwinCAT OS (ARMV7-M)
		{013D636C-5441-43CF-A930-1F442DEE2BFD}.Release|TwinCAT OS (ARMV8-A).ActiveCfg = Release|TwinCAT OS (ARMV8-A)
		{013D636C-5441-43CF-A930-1F442DEE2BFD}.Release|TwinCAT OS (ARMV8-A).Build.0 = Release|TwinCAT OS (ARMV8-A)
		{013D636C-5441-43CF-A930-1F442DEE2BFD}.Release|TwinCAT OS (x64).ActiveCfg = Release|TwinCAT OS (x64)
		{013D636C-5441-43CF-A930-1F442DEE2BFD}.Release|TwinCAT OS (x64).Build.0 = Release|TwinCAT OS (x64)
		{013D636C-5441-43CF-A930-1F442DEE2BFD}.Release|TwinCAT RT (x64).ActiveCfg = Release|TwinCAT RT (x64)
		{013D636C-5441-43CF-A930-1F442DEE2BFD}.Release|TwinCAT RT (x64).Build.0 = Release|TwinCAT RT (x64)
		{013D636C-5441-43CF-A930-1F442DEE2BFD}.Release|TwinCAT RT (x86).ActiveCfg = Release|TwinCAT RT (x86)
		{013D636C-5441-43CF-A930-1F442DEE2BFD}.Release|TwinCAT RT (x86).Build.0 = Release|TwinCAT RT (x86)
		{7D1D264F-30E7-488E-9F58-6C8AA3C2E228}.Debug|TwinCAT OS (ARMV7-A).ActiveCfg = Debug|TwinCAT OS (ARMV7-A)
		{7D1D264F-30E7-488E-9F58-6C8AA3C2E228}.Debug|TwinCAT OS (ARMV7-A).Build.0 = Debug|TwinCAT OS (ARMV7-A)
		{7D1D264F-30E7-488E-9F58-6C8AA3C2E228}.Debug|TwinCAT OS (ARMV7-M).ActiveCfg = Debug|TwinCAT OS (ARMV7-M)
		{7D1D264F-30E7-488E-9F58-6C8AA3C2E228}.Debug|TwinCAT OS (ARMV7-M).Build.0 = Debug|TwinCAT OS (ARMV7-M)
		{7D1D264F-30E7-488E-9F58-6C8AA3C2E228}.Debug|TwinCAT OS (ARMV8-A).ActiveCfg = Debug|TwinCAT OS (ARMV8-A)
		{7D1D264F-30E7-488E-9F58-6C8AA3C2E228}.Debug|TwinCAT OS (ARMV8-A).Build.0 = Debug|TwinCAT OS (ARMV8-A)
		{7D1D264F-30E7-488E-9F58-6C8AA3C2E228}.Debug|TwinCAT OS (x64).ActiveCfg = Debug|TwinCAT OS (x64)
		{7D1D264F-30E7-488E-9F58-6C8AA3C2E228}.Debug|TwinCAT OS (x64).Build.0 = Debug|TwinCAT OS (x64)
		{7D1D264F-30E7-488E-9F58-6C8AA3C2E228}.Debug|TwinCAT RT (x64).ActiveCfg = Debug|TwinCAT RT (x64)
		{7D1D264F-30E7-488E-9F58-6C8AA3C2E228}.Debug|TwinCAT RT (x64).Build.0 = Debug|TwinCAT RT (x64)
		{7D1D264F-30E7-488E-9F58-6C8AA3C2E228}.Debug|TwinCAT RT (x86).ActiveCfg = Debug|TwinCAT RT (x86)
		{7D1D264F-30E7-488E-9F58-6C8AA3C2E228}.Debug|TwinCAT RT (x86).Build.0 = Debug|TwinCAT RT (x86)
		{7D1D264F-30E7-488E-9F58-6C8AA3C2E228}.Release|TwinCAT OS (ARMV7-A).ActiveCfg = Release|TwinCAT OS (ARMV7-A)
		{7D1D264F-30E7-488E-9F58-6C8AA3C2E228}.Release|TwinCAT OS (ARMV7-A).Build.0 = Release|TwinCAT OS (ARMV7-A)
		{7D1D264F-30E7-488E-9F58-6C8AA3C2E228}.Release|TwinCAT OS (ARMV7-M).ActiveCfg = Release|TwinCAT OS (ARMV7-M)
		{7D1D264F-30E7-488E-9F58-6C8AA3C2E228}.Release|TwinCAT OS (ARMV7-M).Build.0 = Release|TwinCAT OS (ARMV7-M)
		{7D1D264F-30E7-488E-9F58-6C8AA3C2E228}.Release|TwinCAT OS (ARMV8-A).ActiveCfg = Release|TwinCAT OS (ARMV8-A)
		{7D1D264F-30E7-488E-9F58-6C8AA3C2E228}.Release|TwinCAT OS (ARMV8-A).Build.0 = Release|TwinCAT OS (ARMV8-A)
		{7D1D264F-30E7-488E-9F58-6C8AA3C2E228}.Release|TwinCAT OS (x64).ActiveCfg = Release|TwinCAT OS (x64)
		{7D1D264F-30E7-488E-9F58-6C8AA3C2E228}.Release|TwinCAT OS (x64).Build.0 = Release|TwinCAT OS (x64)
		{7D1D264F-30E7-488E-9F58-6C8AA3C2E228}.Release|TwinCAT RT (x64).ActiveCfg = Release|TwinCAT RT (x64)
		{7D1D264F-30E7-488E-9F58-6C8AA3C2E228}.Release|TwinCAT RT (x64).Build.0 = Release|TwinCAT RT (x64)
		{7D1D264F-30E7-488E-9F58-6C8AA3C2E228}.Release|TwinCAT RT (x86).ActiveCfg = Release|TwinCAT RT (x86)
		{7D1D264F-30E7-488E-9F58-6C8AA3C2E228}.Release|TwinCAT RT (x86).Build.0 = Release|TwinCAT RT (x86)
		{25243B1B-8CF8-4F66-9CDD-51EE769B315A}.Debug|TwinCAT OS (ARMV7-A).ActiveCfg = Debug|TwinCAT OS (ARMV7-A)
		{25243B1B-8CF8-4F66-9CDD-51EE769B315A}.Debug|TwinCAT OS (ARMV7-A).Build.0 = Debug|TwinCAT OS (ARMV7-A)
		{25243B1B-8CF8-4F66-9CDD-51EE769B315A}.Debug|TwinCAT OS (ARMV7-M).ActiveCfg = Debug|TwinCAT OS (ARMV7-M)
		{25243B1B-8CF8-4F66-9CDD-51EE769B315A}.Debug|TwinCAT OS (ARMV7-M).Build.0 = Debug|TwinCAT OS (ARMV7-M)
		{25243B1B-8CF8-4F66-9CDD-51EE769B315A}.Debug|TwinCAT OS (ARMV8-A).ActiveCfg = Debug|TwinCAT OS (ARMV8-A)
		{25243B1B-8CF8-4F66-9CDD-51EE769B315A}.Debug|TwinCAT OS (ARMV8-A).Build.0 = Debug|TwinCAT OS (ARMV8-A)
		{25243B1B-8CF8-4F66-9CDD-51EE769B315A}.Debug|TwinCAT OS (x64).ActiveCfg = Debug|TwinCAT OS (x64)
		{25243B1B-8CF8-4F66-9CDD-51EE769B315A}.Debug|TwinCAT OS (x64).Build.0 = Debug|TwinCAT OS (x64)
		{25243B1B-8CF8-4F66-9CDD-51EE769B315A}.Debug|TwinCAT RT (x64).ActiveCfg = Debug|TwinCAT RT (x64)
		{25243B1B-8CF8-4F66-9CDD-51EE769B315A}.Debug|TwinCAT RT (x64).Build.0 = Debug|TwinCAT RT (x64)
		{25243B1B-8CF8-4F66-9CDD-51EE769B315A}.Debug|TwinCAT RT (x86).ActiveCfg = Debug|TwinCAT RT (x86)
		{25243B1B-8CF8-4F66-9CDD-51EE769B315A}.Debug|TwinCAT RT (x86).Build.0 = Debug|TwinCAT RT (x86)
		{25243B1B-8CF8-4F66-9CDD-51EE769B315A}.Release|TwinCAT OS (ARMV7-A).ActiveCfg = Release|TwinCAT OS (ARMV7-A)
		{25243B1B-8CF8-4F66-9CDD-51EE769B315A}.Release|TwinCAT OS (ARMV7-A).Build.0 = Release|TwinCAT OS (ARMV7-A)
		{25243B1B-8CF8-4F66-9CDD-51EE769B315A}.Release|TwinCAT OS (ARMV7-M).ActiveCfg = Release|TwinCAT OS (ARMV7-M)
		{25243B1B-8CF8-4F66-9CDD-51EE769B315A}.Release|TwinCAT OS (ARMV7-M).Build.0 = Release|TwinCAT OS (ARMV7-M)
		{25243B1B-8CF8-4F66-9CDD-51EE769B315A}.Release|TwinCAT OS (ARMV8-A).ActiveCfg = Release|TwinCAT OS (ARMV8-A)
		{25243B1B-8CF8-4F66-9CDD-51EE769B315A}.Release|TwinCAT OS (ARMV8-A).Build.0 = Release|TwinCAT OS (ARMV8-A)
		{25243B1B-8CF8-4F66-9CDD-51EE769B315A}.Release|TwinCAT OS (x64).ActiveCfg = Release|TwinCAT OS (x64)
		{25243B1B-8CF8-4F66-9CDD-51EE769B315A}.Release|TwinCAT OS (x64).Build.0 = Release|TwinCAT OS (x64)
		{25243B1B-8CF8-4F66-9CDD-51EE769B315A}.Release|TwinCAT RT (x64).ActiveCfg = Release|TwinCAT RT (x64)
		{25243B1B-8CF8-4F66-9CDD-51EE769B315A}.Release|TwinCAT RT (x64).Build.0 = Release|TwinCAT RT (x64)
		{25243B1B-8CF8-4F66-9CDD-51EE769B315A}.Release|TwinCAT RT (x86).ActiveCfg = Release|TwinCAT RT (x86)
		{25243B1B-8CF8-4F66-9CDD-51EE769B315A}.Release|TwinCAT RT (x86).Build.0 = Release|TwinCAT RT (x86)
		{46942511-A5D8-4576-82E3-1D0043DCE6D0}.Debug|TwinCAT OS (ARMV7-A).ActiveCfg = Debug|TwinCAT OS (ARMV7-A)
		{46942511-A5D8-4576-82E3-1D0043DCE6D0}.Debug|TwinCAT OS (ARMV7-A).Build.0 = Debug|TwinCAT OS (ARMV7-A)
		{46942511-A5D8-4576-82E3-1D0043DCE6D0}.Debug|TwinCAT OS (ARMV7-M).ActiveCfg = Debug|TwinCAT OS (ARMV7-M)
		{46942511-A5D8-4576-82E3-1D0043DCE6D0}.Debug|TwinCAT OS (ARMV7-M).Build.0 = Debug|TwinCAT OS (ARMV7-M)
		{46942511-A5D8-4576-82E3-1D0043DCE6D0}.Debug|TwinCAT OS (ARMV8-A).ActiveCfg = Debug|TwinCAT OS (ARMV8-A)
		{46942511-A5D8-4576-82E3-1D0043DCE6D0}.Debug|TwinCAT OS (ARMV8-A).Build.0 = Debug|TwinCAT OS (ARMV8-A)
		{46942511-A5D8-4576-82E3-1D0043DCE6D0}.Debug|TwinCAT OS (x64).ActiveCfg = Debug|TwinCAT OS (x64)
		{46942511-A5D8-4576-82E3-1D0043DCE6D0}.Debug|TwinCAT OS (x64).Build.0 = Debug|TwinCAT OS (x64)
		{46942511-A5D8-4576-82E3-1D0043DCE6D0}.Debug|TwinCAT RT (x64).ActiveCfg = Debug|TwinCAT RT (x64)
		{46942511-A5D8-4576-82E3-1D0043DCE6D0}.Debug|TwinCAT RT (x64).Build.0 = Debug|TwinCAT RT (x64)
		{46942511-A5D8-4576-82E3-1D0043DCE6D0}.Debug|TwinCAT RT (x86).ActiveCfg = Debug|TwinCAT RT (x86)
		{46942511-A5D8-4576-82E3-1D0043DCE6D0}.Debug|TwinCAT RT (x86).Build.0 = Debug|TwinCAT RT (x86)
		{46942511-A5D8-4576-82E3-1D0043DCE6D0}.Release|TwinCAT OS (ARMV7-A).ActiveCfg = Release|TwinCAT OS (ARMV7-A)
		{46942511-A5D8-4576-82E3-1D0043DCE6D0}.Release|TwinCAT OS (ARMV7-A).Build.0 = Release|TwinCAT OS (ARMV7-A)
		{46942511-A5D8-4576-82E3-1D0043DCE6D0}.Release|TwinCAT OS (ARMV7-M).ActiveCfg = Release|TwinCAT OS (ARMV7-M)
		{46942511-A5D8-4576-82E3-1D0043DCE6D0}.Release|TwinCAT OS (ARMV7-M).Build.0 = Release|TwinCAT OS (ARMV7-M)
		{46942511-A5D8-4576-82E3-1D0043DCE6D0}.Release|TwinCAT OS (ARMV8-A).ActiveCfg = Release|TwinCAT OS (ARMV8-A)
		{46942511-A5D8-4576-82E3-1D0043DCE6D0}.Release|TwinCAT OS (ARMV8-A).Build.0 = Release|TwinCAT OS (ARMV8-A)
		{46942511-A5D8-4576-82E3-1D0043DCE6D0}.Release|TwinCAT OS (x64).ActiveCfg = Release|TwinCAT OS (x64)
		{46942511-A5D8-4576-82E3-1D0043DCE6D0}.Release|TwinCAT OS (x64).Build.0 = Release|TwinCAT OS (x64)
		{46942511-A5D8-4576-82E3-1D0043DCE6D0}.Release|TwinCAT RT (x64).ActiveCfg = Release|TwinCAT RT (x64)
		{46942511-A5D8-4576-82E3-1D0043DCE6D0}.Release|TwinCAT RT (x64).Build.0 = Release|TwinCAT RT (x64)
		{46942511-A5D8-4576-82E3-1D0043DCE6D0}.Release|TwinCAT RT (x86).ActiveCfg = Release|TwinCAT RT (x86)
		{46942511-A5D8-4576-82E3-1D0043DCE6D0}.Release|TwinCAT RT (x86).Build.0 = Release|TwinCAT RT (x86)
	EndGlobalSection
	GlobalSection(SolutionProperties) = preSolution
		HideSolutionNode = FALSE
	EndGlobalSection
	GlobalSection(ExtensibilityGlobals) = postSolution
		SolutionGuid = {04803948-338E-4CED-9572-2FB1056B78F3}
	EndGlobalSection
EndGlobal
